// !$*UTF8*$!
{
	archiveVersion = 1;
	classes = {
	};
	objectVersion = 56;
	objects = {

/* Begin PBXBuildFile section */
		4D8B38002BA0A4E10040FBB3 /* AppDelegate.swift in Sources */ = {isa = PBXBuildFile; fileRef = 4D8B37FF2BA0A4E10040FBB3 /* AppDelegate.swift */; };
		4D8B38022BA0A4E10040FBB3 /* GameScene.sks in Resources */ = {isa = PBXBuildFile; fileRef = 4D8B38012BA0A4E10040FBB3 /* GameScene.sks */; };
		4D8B38042BA0A4E10040FBB3 /* Actions.sks in Resources */ = {isa = PBXBuildFile; fileRef = 4D8B38032BA0A4E10040FBB3 /* Actions.sks */; };
		4D8B38062BA0A4E10040FBB3 /* GameScene.swift in Sources */ = {isa = PBXBuildFile; fileRef = 4D8B38052BA0A4E10040FBB3 /* GameScene.swift */; };
		4D8B38082BA0A4E10040FBB3 /* GameViewController.swift in Sources */ = {isa = PBXBuildFile; fileRef = 4D8B38072BA0A4E10040FBB3 /* GameViewController.swift */; };
		4D8B380B2BA0A4E10040FBB3 /* Main.storyboard in Resources */ = {isa = PBXBuildFile; fileRef = 4D8B38092BA0A4E10040FBB3 /* Main.storyboard */; };
		4D8B380D2BA0A4E10040FBB3 /* Assets.xcassets in Resources */ = {isa = PBXBuildFile; fileRef = 4D8B380C2BA0A4E10040FBB3 /* Assets.xcassets */; };
		4D8B38102BA0A4E10040FBB3 /* LaunchScreen.storyboard in Resources */ = {isa = PBXBuildFile; fileRef = 4D8B380E2BA0A4E10040FBB3 /* LaunchScreen.storyboard */; };
		4D8B381A2BA0A4E10040FBB3 /* CatNapTests.swift in Sources */ = {isa = PBXBuildFile; fileRef = 4D8B38192BA0A4E10040FBB3 /* CatNapTests.swift */; };
		4D8B38242BA0A4E10040FBB3 /* CatNapUITests.swift in Sources */ = {isa = PBXBuildFile; fileRef = 4D8B38232BA0A4E10040FBB3 /* CatNapUITests.swift */; };
		4D8B38262BA0A4E10040FBB3 /* CatNapUITestsLaunchTests.swift in Sources */ = {isa = PBXBuildFile; fileRef = 4D8B38252BA0A4E10040FBB3 /* CatNapUITestsLaunchTests.swift */; };
		4D8B38382BA0A73B0040FBB3 /* mrreow.mp3 in Resources */ = {isa = PBXBuildFile; fileRef = 4D8B38332BA0A73B0040FBB3 /* mrreow.mp3 */; };
		4D8B38392BA0A73B0040FBB3 /* pop.mp3 in Resources */ = {isa = PBXBuildFile; fileRef = 4D8B38342BA0A73B0040FBB3 /* pop.mp3 */; };
		4D8B383A2BA0A73B0040FBB3 /* win.mp3 in Resources */ = {isa = PBXBuildFile; fileRef = 4D8B38352BA0A73B0040FBB3 /* win.mp3 */; };
		4D8B383B2BA0A73B0040FBB3 /* lose.mp3 in Resources */ = {isa = PBXBuildFile; fileRef = 4D8B38362BA0A73B0040FBB3 /* lose.mp3 */; };
		4D8B383C2BA0A73B0040FBB3 /* backgroundMusic.mp3 in Resources */ = {isa = PBXBuildFile; fileRef = 4D8B38372BA0A73B0040FBB3 /* backgroundMusic.mp3 */; };
		4D8B383F2BA0ACD40040FBB3 /* Cat.sks in Resources */ = {isa = PBXBuildFile; fileRef = 4D8B383E2BA0ACD40040FBB3 /* Cat.sks */; };
/* End PBXBuildFile section */

/* Begin PBXContainerItemProxy section */
		4D8B38162BA0A4E10040FBB3 /* PBXContainerItemProxy */ = {
			isa = PBXContainerItemProxy;
			containerPortal = 4D8B37F42BA0A4E10040FBB3 /* Project object */;
			proxyType = 1;
			remoteGlobalIDString = 4D8B37FB2BA0A4E10040FBB3;
			remoteInfo = CatNap;
		};
		4D8B38202BA0A4E10040FBB3 /* PBXContainerItemProxy */ = {
			isa = PBXContainerItemProxy;
			containerPortal = 4D8B37F42BA0A4E10040FBB3 /* Project object */;
			proxyType = 1;
			remoteGlobalIDString = 4D8B37FB2BA0A4E10040FBB3;
			remoteInfo = CatNap;
		};
/* End PBXContainerItemProxy section */

/* Begin PBXFileReference section */
		4D8B37FC2BA0A4E10040FBB3 /* CatNap.app */ = {isa = PBXFileReference; explicitFileType = wrapper.application; includeInIndex = 0; path = CatNap.app; sourceTree = BUILT_PRODUCTS_DIR; };
		4D8B37FF2BA0A4E10040FBB3 /* AppDelegate.swift */ = {isa = PBXFileReference; lastKnownFileType = sourcecode.swift; path = AppDelegate.swift; sourceTree = "<group>"; };
		4D8B38012BA0A4E10040FBB3 /* GameScene.sks */ = {isa = PBXFileReference; lastKnownFileType = file.sks; path = GameScene.sks; sourceTree = "<group>"; };
		4D8B38032BA0A4E10040FBB3 /* Actions.sks */ = {isa = PBXFileReference; lastKnownFileType = file.sks; path = Actions.sks; sourceTree = "<group>"; };
		4D8B38052BA0A4E10040FBB3 /* GameScene.swift */ = {isa = PBXFileReference; lastKnownFileType = sourcecode.swift; path = GameScene.swift; sourceTree = "<group>"; };
		4D8B38072BA0A4E10040FBB3 /* GameViewController.swift */ = {isa = PBXFileReference; lastKnownFileType = sourcecode.swift; path = GameViewController.swift; sourceTree = "<group>"; };
		4D8B380A2BA0A4E10040FBB3 /* Base */ = {isa = PBXFileReference; lastKnownFileType = file.storyboard; name = Base; path = Base.lproj/Main.storyboard; sourceTree = "<group>"; };
		4D8B380C2BA0A4E10040FBB3 /* Assets.xcassets */ = {isa = PBXFileReference; lastKnownFileType = folder.assetcatalog; path = Assets.xcassets; sourceTree = "<group>"; };
		4D8B380F2BA0A4E10040FBB3 /* Base */ = {isa = PBXFileReference; lastKnownFileType = file.storyboard; name = Base; path = Base.lproj/LaunchScreen.storyboard; sourceTree = "<group>"; };
		4D8B38152BA0A4E10040FBB3 /* CatNapTests.xctest */ = {isa = PBXFileReference; explicitFileType = wrapper.cfbundle; includeInIndex = 0; path = CatNapTests.xctest; sourceTree = BUILT_PRODUCTS_DIR; };
		4D8B38192BA0A4E10040FBB3 /* CatNapTests.swift */ = {isa = PBXFileReference; lastKnownFileType = sourcecode.swift; path = CatNapTests.swift; sourceTree = "<group>"; };
		4D8B381F2BA0A4E10040FBB3 /* CatNapUITests.xctest */ = {isa = PBXFileReference; explicitFileType = wrapper.cfbundle; includeInIndex = 0; path = CatNapUITests.xctest; sourceTree = BUILT_PRODUCTS_DIR; };
		4D8B38232BA0A4E10040FBB3 /* CatNapUITests.swift */ = {isa = PBXFileReference; lastKnownFileType = sourcecode.swift; path = CatNapUITests.swift; sourceTree = "<group>"; };
		4D8B38252BA0A4E10040FBB3 /* CatNapUITestsLaunchTests.swift */ = {isa = PBXFileReference; lastKnownFileType = sourcecode.swift; path = CatNapUITestsLaunchTests.swift; sourceTree = "<group>"; };
		4D8B38332BA0A73B0040FBB3 /* mrreow.mp3 */ = {isa = PBXFileReference; lastKnownFileType = audio.mp3; path = mrreow.mp3; sourceTree = "<group>"; };
		4D8B38342BA0A73B0040FBB3 /* pop.mp3 */ = {isa = PBXFileReference; lastKnownFileType = audio.mp3; path = pop.mp3; sourceTree = "<group>"; };
		4D8B38352BA0A73B0040FBB3 /* win.mp3 */ = {isa = PBXFileReference; lastKnownFileType = audio.mp3; path = win.mp3; sourceTree = "<group>"; };
		4D8B38362BA0A73B0040FBB3 /* lose.mp3 */ = {isa = PBXFileReference; lastKnownFileType = audio.mp3; path = lose.mp3; sourceTree = "<group>"; };
		4D8B38372BA0A73B0040FBB3 /* backgroundMusic.mp3 */ = {isa = PBXFileReference; lastKnownFileType = audio.mp3; path = backgroundMusic.mp3; sourceTree = "<group>"; };
		4D8B383E2BA0ACD40040FBB3 /* Cat.sks */ = {isa = PBXFileReference; lastKnownFileType = file.sks; path = Cat.sks; sourceTree = "<group>"; };
/* End PBXFileReference section */

/* Begin PBXFrameworksBuildPhase section */
		4D8B37F92BA0A4E10040FBB3 /* Frameworks */ = {
			isa = PBXFrameworksBuildPhase;
			buildActionMask = 2147483647;
			files = (
			);
			runOnlyForDeploymentPostprocessing = 0;
		};
		4D8B38122BA0A4E10040FBB3 /* Frameworks */ = {
			isa = PBXFrameworksBuildPhase;
			buildActionMask = 2147483647;
			files = (
			);
			runOnlyForDeploymentPostprocessing = 0;
		};
		4D8B381C2BA0A4E10040FBB3 /* Frameworks */ = {
			isa = PBXFrameworksBuildPhase;
			buildActionMask = 2147483647;
			files = (
			);
			runOnlyForDeploymentPostprocessing = 0;
		};
/* End PBXFrameworksBuildPhase section */

/* Begin PBXGroup section */
		4D8B37F32BA0A4E10040FBB3 = {
			isa = PBXGroup;
			children = (
				4D8B37FE2BA0A4E10040FBB3 /* CatNap */,
				4D8B38182BA0A4E10040FBB3 /* CatNapTests */,
				4D8B38222BA0A4E10040FBB3 /* CatNapUITests */,
				4D8B37FD2BA0A4E10040FBB3 /* Products */,
			);
			sourceTree = "<group>";
		};
		4D8B37FD2BA0A4E10040FBB3 /* Products */ = {
			isa = PBXGroup;
			children = (
				4D8B37FC2BA0A4E10040FBB3 /* CatNap.app */,
				4D8B38152BA0A4E10040FBB3 /* CatNapTests.xctest */,
				4D8B381F2BA0A4E10040FBB3 /* CatNapUITests.xctest */,
			);
			name = Products;
			sourceTree = "<group>";
		};
		4D8B37FE2BA0A4E10040FBB3 /* CatNap */ = {
			isa = PBXGroup;
			children = (
				4D8B383D2BA0AC630040FBB3 /* Scenes */,
				4D8B38322BA0A73B0040FBB3 /* Sounds */,
				4D8B37FF2BA0A4E10040FBB3 /* AppDelegate.swift */,
				4D8B38032BA0A4E10040FBB3 /* Actions.sks */,
				4D8B38052BA0A4E10040FBB3 /* GameScene.swift */,
				4D8B38072BA0A4E10040FBB3 /* GameViewController.swift */,
				4D8B38092BA0A4E10040FBB3 /* Main.storyboard */,
				4D8B380C2BA0A4E10040FBB3 /* Assets.xcassets */,
				4D8B380E2BA0A4E10040FBB3 /* LaunchScreen.storyboard */,
			);
			path = CatNap;
			sourceTree = "<group>";
		};
		4D8B38182BA0A4E10040FBB3 /* CatNapTests */ = {
			isa = PBXGroup;
			children = (
				4D8B38192BA0A4E10040FBB3 /* CatNapTests.swift */,
			);
			path = CatNapTests;
			sourceTree = "<group>";
		};
		4D8B38222BA0A4E10040FBB3 /* CatNapUITests */ = {
			isa = PBXGroup;
			children = (
				4D8B38232BA0A4E10040FBB3 /* CatNapUITests.swift */,
				4D8B38252BA0A4E10040FBB3 /* CatNapUITestsLaunchTests.swift */,
			);
			path = CatNapUITests;
			sourceTree = "<group>";
		};
		4D8B38322BA0A73B0040FBB3 /* Sounds */ = {
			isa = PBXGroup;
			children = (
				4D8B38332BA0A73B0040FBB3 /* mrreow.mp3 */,
				4D8B38342BA0A73B0040FBB3 /* pop.mp3 */,
				4D8B38352BA0A73B0040FBB3 /* win.mp3 */,
				4D8B38362BA0A73B0040FBB3 /* lose.mp3 */,
				4D8B38372BA0A73B0040FBB3 /* backgroundMusic.mp3 */,
			);
			path = Sounds;
			sourceTree = "<group>";
		};
		4D8B383D2BA0AC630040FBB3 /* Scenes */ = {
			isa = PBXGroup;
			children = (
				4D8B38012BA0A4E10040FBB3 /* GameScene.sks */,
				4D8B383E2BA0ACD40040FBB3 /* Cat.sks */,
			);
			path = Scenes;
			sourceTree = "<group>";
		};
/* End PBXGroup section */

/* Begin PBXNativeTarget section */
		4D8B37FB2BA0A4E10040FBB3 /* CatNap */ = {
			isa = PBXNativeTarget;
			buildConfigurationList = 4D8B38292BA0A4E10040FBB3 /* Build configuration list for PBXNativeTarget "CatNap" */;
			buildPhases = (
				4D8B37F82BA0A4E10040FBB3 /* Sources */,
				4D8B37F92BA0A4E10040FBB3 /* Frameworks */,
				4D8B37FA2BA0A4E10040FBB3 /* Resources */,
			);
			buildRules = (
			);
			dependencies = (
			);
			name = CatNap;
			productName = CatNap;
			productReference = 4D8B37FC2BA0A4E10040FBB3 /* CatNap.app */;
			productType = "com.apple.product-type.application";
		};
		4D8B38142BA0A4E10040FBB3 /* CatNapTests */ = {
			isa = PBXNativeTarget;
			buildConfigurationList = 4D8B382C2BA0A4E10040FBB3 /* Build configuration list for PBXNativeTarget "CatNapTests" */;
			buildPhases = (
				4D8B38112BA0A4E10040FBB3 /* Sources */,
				4D8B38122BA0A4E10040FBB3 /* Frameworks */,
				4D8B38132BA0A4E10040FBB3 /* Resources */,
			);
			buildRules = (
			);
			dependencies = (
				4D8B38172BA0A4E10040FBB3 /* PBXTargetDependency */,
			);
			name = CatNapTests;
			productName = CatNapTests;
			productReference = 4D8B38152BA0A4E10040FBB3 /* CatNapTests.xctest */;
			productType = "com.apple.product-type.bundle.unit-test";
		};
		4D8B381E2BA0A4E10040FBB3 /* CatNapUITests */ = {
			isa = PBXNativeTarget;
			buildConfigurationList = 4D8B382F2BA0A4E10040FBB3 /* Build configuration list for PBXNativeTarget "CatNapUITests" */;
			buildPhases = (
				4D8B381B2BA0A4E10040FBB3 /* Sources */,
				4D8B381C2BA0A4E10040FBB3 /* Frameworks */,
				4D8B381D2BA0A4E10040FBB3 /* Resources */,
			);
			buildRules = (
			);
			dependencies = (
				4D8B38212BA0A4E10040FBB3 /* PBXTargetDependency */,
			);
			name = CatNapUITests;
			productName = CatNapUITests;
			productReference = 4D8B381F2BA0A4E10040FBB3 /* CatNapUITests.xctest */;
			productType = "com.apple.product-type.bundle.ui-testing";
		};
/* End PBXNativeTarget section */

/* Begin PBXProject section */
		4D8B37F42BA0A4E10040FBB3 /* Project object */ = {
			isa = PBXProject;
			attributes = {
				BuildIndependentTargetsInParallel = 1;
				LastSwiftUpdateCheck = 1520;
				LastUpgradeCheck = 1520;
				TargetAttributes = {
					4D8B37FB2BA0A4E10040FBB3 = {
						CreatedOnToolsVersion = 15.2;
					};
					4D8B38142BA0A4E10040FBB3 = {
						CreatedOnToolsVersion = 15.2;
						TestTargetID = 4D8B37FB2BA0A4E10040FBB3;
					};
					4D8B381E2BA0A4E10040FBB3 = {
						CreatedOnToolsVersion = 15.2;
						TestTargetID = 4D8B37FB2BA0A4E10040FBB3;
					};
				};
			};
			buildConfigurationList = 4D8B37F72BA0A4E10040FBB3 /* Build configuration list for PBXProject "CatNap" */;
			compatibilityVersion = "Xcode 14.0";
			developmentRegion = en;
			hasScannedForEncodings = 0;
			knownRegions = (
				en,
				Base,
			);
			mainGroup = 4D8B37F32BA0A4E10040FBB3;
			productRefGroup = 4D8B37FD2BA0A4E10040FBB3 /* Products */;
			projectDirPath = "";
			projectRoot = "";
			targets = (
				4D8B37FB2BA0A4E10040FBB3 /* CatNap */,
				4D8B38142BA0A4E10040FBB3 /* CatNapTests */,
				4D8B381E2BA0A4E10040FBB3 /* CatNapUITests */,
			);
		};
/* End PBXProject section */

/* Begin PBXResourcesBuildPhase section */
		4D8B37FA2BA0A4E10040FBB3 /* Resources */ = {
			isa = PBXResourcesBuildPhase;
			buildActionMask = 2147483647;
			files = (
				4D8B380B2BA0A4E10040FBB3 /* Main.storyboard in Resources */,
				4D8B38022BA0A4E10040FBB3 /* GameScene.sks in Resources */,
				4D8B383B2BA0A73B0040FBB3 /* lose.mp3 in Resources */,
				4D8B380D2BA0A4E10040FBB3 /* Assets.xcassets in Resources */,
				4D8B383A2BA0A73B0040FBB3 /* win.mp3 in Resources */,
				4D8B38102BA0A4E10040FBB3 /* LaunchScreen.storyboard in Resources */,
				4D8B38382BA0A73B0040FBB3 /* mrreow.mp3 in Resources */,
				4D8B38392BA0A73B0040FBB3 /* pop.mp3 in Resources */,
				4D8B383C2BA0A73B0040FBB3 /* backgroundMusic.mp3 in Resources */,
				4D8B38042BA0A4E10040FBB3 /* Actions.sks in Resources */,
				4D8B383F2BA0ACD40040FBB3 /* Cat.sks in Resources */,
			);
			runOnlyForDeploymentPostprocessing = 0;
		};
		4D8B38132BA0A4E10040FBB3 /* Resources */ = {
			isa = PBXResourcesBuildPhase;
			buildActionMask = 2147483647;
			files = (
			);
			runOnlyForDeploymentPostprocessing = 0;
		};
		4D8B381D2BA0A4E10040FBB3 /* Resources */ = {
			isa = PBXResourcesBuildPhase;
			buildActionMask = 2147483647;
			files = (
			);
			runOnlyForDeploymentPostprocessing = 0;
		};
/* End PBXResourcesBuildPhase section */

/* Begin PBXSourcesBuildPhase section */
		4D8B37F82BA0A4E10040FBB3 /* Sources */ = {
			isa = PBXSourcesBuildPhase;
			buildActionMask = 2147483647;
			files = (
				4D8B38062BA0A4E10040FBB3 /* GameScene.swift in Sources */,
				4D8B38082BA0A4E10040FBB3 /* GameViewController.swift in Sources */,
				4D8B38002BA0A4E10040FBB3 /* AppDelegate.swift in Sources */,
			);
			runOnlyForDeploymentPostprocessing = 0;
		};
		4D8B38112BA0A4E10040FBB3 /* Sources */ = {
			isa = PBXSourcesBuildPhase;
			buildActionMask = 2147483647;
			files = (
				4D8B381A2BA0A4E10040FBB3 /* CatNapTests.swift in Sources */,
			);
			runOnlyForDeploymentPostprocessing = 0;
		};
		4D8B381B2BA0A4E10040FBB3 /* Sources */ = {
			isa = PBXSourcesBuildPhase;
			buildActionMask = 2147483647;
			files = (
				4D8B38242BA0A4E10040FBB3 /* CatNapUITests.swift in Sources */,
				4D8B38262BA0A4E10040FBB3 /* CatNapUITestsLaunchTests.swift in Sources */,
			);
			runOnlyForDeploymentPostprocessing = 0;
		};
/* End PBXSourcesBuildPhase section */

/* Begin PBXTargetDependency section */
		4D8B38172BA0A4E10040FBB3 /* PBXTargetDependency */ = {
			isa = PBXTargetDependency;
			target = 4D8B37FB2BA0A4E10040FBB3 /* CatNap */;
			targetProxy = 4D8B38162BA0A4E10040FBB3 /* PBXContainerItemProxy */;
		};
		4D8B38212BA0A4E10040FBB3 /* PBXTargetDependency */ = {
			isa = PBXTargetDependency;
			target = 4D8B37FB2BA0A4E10040FBB3 /* CatNap */;
			targetProxy = 4D8B38202BA0A4E10040FBB3 /* PBXContainerItemProxy */;
		};
/* End PBXTargetDependency section */

/* Begin PBXVariantGroup section */
		4D8B38092BA0A4E10040FBB3 /* Main.storyboard */ = {
			isa = PBXVariantGroup;
			children = (
				4D8B380A2BA0A4E10040FBB3 /* Base */,
			);
			name = Main.storyboard;
			sourceTree = "<group>";
		};
		4D8B380E2BA0A4E10040FBB3 /* LaunchScreen.storyboard */ = {
			isa = PBXVariantGroup;
			children = (
				4D8B380F2BA0A4E10040FBB3 /* Base */,
			);
			name = LaunchScreen.storyboard;
			sourceTree = "<group>";
		};
/* End PBXVariantGroup section */

/* Begin XCBuildConfiguration section */
		4D8B38272BA0A4E10040FBB3 /* Debug */ = {
			isa = XCBuildConfiguration;
			buildSettings = {
				ALWAYS_SEARCH_USER_PATHS = NO;
				ASSETCATALOG_COMPILER_GENERATE_SWIFT_ASSET_SYMBOL_EXTENSIONS = YES;
				CLANG_ANALYZER_NONNULL = YES;
				CLANG_ANALYZER_NUMBER_OBJECT_CONVERSION = YES_AGGRESSIVE;
				CLANG_CXX_LANGUAGE_STANDARD = "gnu++20";
				CLANG_ENABLE_MODULES = YES;
				CLANG_ENABLE_OBJC_ARC = YES;
				CLANG_ENABLE_OBJC_WEAK = YES;
				CLANG_WARN_BLOCK_CAPTURE_AUTORELEASING = YES;
				CLANG_WARN_BOOL_CONVERSION = YES;
				CLANG_WARN_COMMA = YES;
				CLANG_WARN_CONSTANT_CONVERSION = YES;
				CLANG_WARN_DEPRECATED_OBJC_IMPLEMENTATIONS = YES;
				CLANG_WARN_DIRECT_OBJC_ISA_USAGE = YES_ERROR;
				CLANG_WARN_DOCUMENTATION_COMMENTS = YES;
				CLANG_WARN_EMPTY_BODY = YES;
				CLANG_WARN_ENUM_CONVERSION = YES;
				CLANG_WARN_INFINITE_RECURSION = YES;
				CLANG_WARN_INT_CONVERSION = YES;
				CLANG_WARN_NON_LITERAL_NULL_CONVERSION = YES;
				CLANG_WARN_OBJC_IMPLICIT_RETAIN_SELF = YES;
				CLANG_WARN_OBJC_LITERAL_CONVERSION = YES;
				CLANG_WARN_OBJC_ROOT_CLASS = YES_ERROR;
				CLANG_WARN_QUOTED_INCLUDE_IN_FRAMEWORK_HEADER = YES;
				CLANG_WARN_RANGE_LOOP_ANALYSIS = YES;
				CLANG_WARN_STRICT_PROTOTYPES = YES;
				CLANG_WARN_SUSPICIOUS_MOVE = YES;
				CLANG_WARN_UNGUARDED_AVAILABILITY = YES_AGGRESSIVE;
				CLANG_WARN_UNREACHABLE_CODE = YES;
				CLANG_WARN__DUPLICATE_METHOD_MATCH = YES;
				COPY_PHASE_STRIP = NO;
				DEBUG_INFORMATION_FORMAT = dwarf;
				ENABLE_STRICT_OBJC_MSGSEND = YES;
				ENABLE_TESTABILITY = YES;
				ENABLE_USER_SCRIPT_SANDBOXING = YES;
				GCC_C_LANGUAGE_STANDARD = gnu17;
				GCC_DYNAMIC_NO_PIC = NO;
				GCC_NO_COMMON_BLOCKS = YES;
				GCC_OPTIMIZATION_LEVEL = 0;
				GCC_PREPROCESSOR_DEFINITIONS = (
					"DEBUG=1",
					"$(inherited)",
				);
				GCC_WARN_64_TO_32_BIT_CONVERSION = YES;
				GCC_WARN_ABOUT_RETURN_TYPE = YES_ERROR;
				GCC_WARN_UNDECLARED_SELECTOR = YES;
				GCC_WARN_UNINITIALIZED_AUTOS = YES_AGGRESSIVE;
				GCC_WARN_UNUSED_FUNCTION = YES;
				GCC_WARN_UNUSED_VARIABLE = YES;
				IPHONEOS_DEPLOYMENT_TARGET = 17.2;
				LOCALIZATION_PREFERS_STRING_CATALOGS = YES;
				MTL_ENABLE_DEBUG_INFO = INCLUDE_SOURCE;
				MTL_FAST_MATH = YES;
				ONLY_ACTIVE_ARCH = YES;
				SDKROOT = iphoneos;
				SWIFT_ACTIVE_COMPILATION_CONDITIONS = "DEBUG $(inherited)";
				SWIFT_OPTIMIZATION_LEVEL = "-Onone";
			};
			name = Debug;
		};
		4D8B38282BA0A4E10040FBB3 /* Release */ = {
			isa = XCBuildConfiguration;
			buildSettings = {
				ALWAYS_SEARCH_USER_PATHS = NO;
				ASSETCATALOG_COMPILER_GENERATE_SWIFT_ASSET_SYMBOL_EXTENSIONS = YES;
				CLANG_ANALYZER_NONNULL = YES;
				CLANG_ANALYZER_NUMBER_OBJECT_CONVERSION = YES_AGGRESSIVE;
				CLANG_CXX_LANGUAGE_STANDARD = "gnu++20";
				CLANG_ENABLE_MODULES = YES;
				CLANG_ENABLE_OBJC_ARC = YES;
				CLANG_ENABLE_OBJC_WEAK = YES;
				CLANG_WARN_BLOCK_CAPTURE_AUTORELEASING = YES;
				CLANG_WARN_BOOL_CONVERSION = YES;
				CLANG_WARN_COMMA = YES;
				CLANG_WARN_CONSTANT_CONVERSION = YES;
				CLANG_WARN_DEPRECATED_OBJC_IMPLEMENTATIONS = YES;
				CLANG_WARN_DIRECT_OBJC_ISA_USAGE = YES_ERROR;
				CLANG_WARN_DOCUMENTATION_COMMENTS = YES;
				CLANG_WARN_EMPTY_BODY = YES;
				CLANG_WARN_ENUM_CONVERSION = YES;
				CLANG_WARN_INFINITE_RECURSION = YES;
				CLANG_WARN_INT_CONVERSION = YES;
				CLANG_WARN_NON_LITERAL_NULL_CONVERSION = YES;
				CLANG_WARN_OBJC_IMPLICIT_RETAIN_SELF = YES;
				CLANG_WARN_OBJC_LITERAL_CONVERSION = YES;
				CLANG_WARN_OBJC_ROOT_CLASS = YES_ERROR;
				CLANG_WARN_QUOTED_INCLUDE_IN_FRAMEWORK_HEADER = YES;
				CLANG_WARN_RANGE_LOOP_ANALYSIS = YES;
				CLANG_WARN_STRICT_PROTOTYPES = YES;
				CLANG_WARN_SUSPICIOUS_MOVE = YES;
				CLANG_WARN_UNGUARDED_AVAILABILITY = YES_AGGRESSIVE;
				CLANG_WARN_UNREACHABLE_CODE = YES;
				CLANG_WARN__DUPLICATE_METHOD_MATCH = YES;
				COPY_PHASE_STRIP = NO;
				DEBUG_INFORMATION_FORMAT = "dwarf-with-dsym";
				ENABLE_NS_ASSERTIONS = NO;
				ENABLE_STRICT_OBJC_MSGSEND = YES;
				ENABLE_USER_SCRIPT_SANDBOXING = YES;
				GCC_C_LANGUAGE_STANDARD = gnu17;
				GCC_NO_COMMON_BLOCKS = YES;
				GCC_WARN_64_TO_32_BIT_CONVERSION = YES;
				GCC_WARN_ABOUT_RETURN_TYPE = YES_ERROR;
				GCC_WARN_UNDECLARED_SELECTOR = YES;
				GCC_WARN_UNINITIALIZED_AUTOS = YES_AGGRESSIVE;
				GCC_WARN_UNUSED_FUNCTION = YES;
				GCC_WARN_UNUSED_VARIABLE = YES;
				IPHONEOS_DEPLOYMENT_TARGET = 17.2;
				LOCALIZATION_PREFERS_STRING_CATALOGS = YES;
				MTL_ENABLE_DEBUG_INFO = NO;
				MTL_FAST_MATH = YES;
				SDKROOT = iphoneos;
				SWIFT_COMPILATION_MODE = wholemodule;
				VALIDATE_PRODUCT = YES;
			};
			name = Release;
		};
		4D8B382A2BA0A4E10040FBB3 /* Debug */ = {
			isa = XCBuildConfiguration;
			buildSettings = {
				ASSETCATALOG_COMPILER_APPICON_NAME = AppIcon;
				ASSETCATALOG_COMPILER_GLOBAL_ACCENT_COLOR_NAME = AccentColor;
				CODE_SIGN_STYLE = Automatic;
				CURRENT_PROJECT_VERSION = 1;
				DEVELOPMENT_TEAM = 9RQBF48SH4;
				GENERATE_INFOPLIST_FILE = YES;
				INFOPLIST_KEY_UIApplicationSupportsIndirectInputEvents = YES;
				INFOPLIST_KEY_UILaunchStoryboardName = LaunchScreen;
				INFOPLIST_KEY_UIMainStoryboardFile = Main;
				INFOPLIST_KEY_UIStatusBarHidden = YES;
				INFOPLIST_KEY_UISupportedInterfaceOrientations = "";
				LD_RUNPATH_SEARCH_PATHS = (
					"$(inherited)",
					"@executable_path/Frameworks",
				);
				MARKETING_VERSION = 1.0;
				PRODUCT_BUNDLE_IDENTIFIER = ddl.CatNap;
				PRODUCT_NAME = "$(TARGET_NAME)";
				SWIFT_EMIT_LOC_STRINGS = YES;
				SWIFT_VERSION = 5.0;
				TARGETED_DEVICE_FAMILY = "1,2";
			};
			name = Debug;
		};
		4D8B382B2BA0A4E10040FBB3 /* Release */ = {
			isa = XCBuildConfiguration;
			buildSettings = {
				ASSETCATALOG_COMPILER_APPICON_NAME = AppIcon;
				ASSETCATALOG_COMPILER_GLOBAL_ACCENT_COLOR_NAME = AccentColor;
				CODE_SIGN_STYLE = Automatic;
				CURRENT_PROJECT_VERSION = 1;
				DEVELOPMENT_TEAM = 9RQBF48SH4;
				GENERATE_INFOPLIST_FILE = YES;
				INFOPLIST_KEY_UIApplicationSupportsIndirectInputEvents = YES;
				INFOPLIST_KEY_UILaunchStoryboardName = LaunchScreen;
				INFOPLIST_KEY_UIMainStoryboardFile = Main;
				INFOPLIST_KEY_UIStatusBarHidden = YES;
				INFOPLIST_KEY_UISupportedInterfaceOrientations = "";
				LD_RUNPATH_SEARCH_PATHS = (
					"$(inherited)",
					"@executable_path/Frameworks",
				);
				MARKETING_VERSION = 1.0;
				PRODUCT_BUNDLE_IDENTIFIER = ddl.CatNap;
				PRODUCT_NAME = "$(TARGET_NAME)";
				SWIFT_EMIT_LOC_STRINGS = YES;
				SWIFT_VERSION = 5.0;
				TARGETED_DEVICE_FAMILY = "1,2";
			};
			name = Release;
		};
		4D8B382D2BA0A4E10040FBB3 /* Debug */ = {
			isa = XCBuildConfiguration;
			buildSettings = {
				ALWAYS_EMBED_SWIFT_STANDARD_LIBRARIES = YES;
				BUNDLE_LOADER = "$(TEST_HOST)";
				CODE_SIGN_STYLE = Automatic;
				CURRENT_PROJECT_VERSION = 1;
				DEVELOPMENT_TEAM = 9RQBF48SH4;
				GENERATE_INFOPLIST_FILE = YES;
				IPHONEOS_DEPLOYMENT_TARGET = 17.2;
				MARKETING_VERSION = 1.0;
				PRODUCT_BUNDLE_IDENTIFIER = ddl.CatNapTests;
				PRODUCT_NAME = "$(TARGET_NAME)";
				SWIFT_EMIT_LOC_STRINGS = NO;
				SWIFT_VERSION = 5.0;
				TARGETED_DEVICE_FAMILY = "1,2";
				TEST_HOST = "$(BUILT_PRODUCTS_DIR)/CatNap.app/$(BUNDLE_EXECUTABLE_FOLDER_PATH)/CatNap";
			};
			name = Debug;
		};
		4D8B382E2BA0A4E10040FBB3 /* Release */ = {
			isa = XCBuildConfiguration;
			buildSettings = {
				ALWAYS_EMBED_SWIFT_STANDARD_LIBRARIES = YES;
				BUNDLE_LOADER = "$(TEST_HOST)";
				CODE_SIGN_STYLE = Automatic;
				CURRENT_PROJECT_VERSION = 1;
				DEVELOPMENT_TEAM = 9RQBF48SH4;
				GENERATE_INFOPLIST_FILE = YES;
				IPHONEOS_DEPLOYMENT_TARGET = 17.2;
				MARKETING_VERSION = 1.0;
				PRODUCT_BUNDLE_IDENTIFIER = ddl.CatNapTests;
				PRODUCT_NAME = "$(TARGET_NAME)";
				SWIFT_EMIT_LOC_STRINGS = NO;
				SWIFT_VERSION = 5.0;
				TARGETED_DEVICE_FAMILY = "1,2";
				TEST_HOST = "$(BUILT_PRODUCTS_DIR)/CatNap.app/$(BUNDLE_EXECUTABLE_FOLDER_PATH)/CatNap";
			};
			name = Release;
		};
		4D8B38302BA0A4E10040FBB3 /* Debug */ = {
			isa = XCBuildConfiguration;
			buildSettings = {
				ALWAYS_EMBED_SWIFT_STANDARD_LIBRARIES = YES;
				CODE_SIGN_STYLE = Automatic;
				CURRENT_PROJECT_VERSION = 1;
				DEVELOPMENT_TEAM = 9RQBF48SH4;
				GENERATE_INFOPLIST_FILE = YES;
				MARKETING_VERSION = 1.0;
				PRODUCT_BUNDLE_IDENTIFIER = ddl.CatNapUITests;
				PRODUCT_NAME = "$(TARGET_NAME)";
				SWIFT_EMIT_LOC_STRINGS = NO;
				SWIFT_VERSION = 5.0;
				TARGETED_DEVICE_FAMILY = "1,2";
				TEST_TARGET_NAME = CatNap;
			};
			name = Debug;
		};
		4D8B38312BA0A4E10040FBB3 /* Release */ = {
			isa = XCBuildConfiguration;
			buildSettings = {
				ALWAYS_EMBED_SWIFT_STANDARD_LIBRARIES = YES;
				CODE_SIGN_STYLE = Automatic;
				CURRENT_PROJECT_VERSION = 1;
				DEVELOPMENT_TEAM = 9RQBF48SH4;
				GENERATE_INFOPLIST_FILE = YES;
				MARKETING_VERSION = 1.0;
				PRODUCT_BUNDLE_IDENTIFIER = ddl.CatNapUITests;
				PRODUCT_NAME = "$(TARGET_NAME)";
				SWIFT_EMIT_LOC_STRINGS = NO;
				SWIFT_VERSION = 5.0;
				TARGETED_DEVICE_FAMILY = "1,2";
				TEST_TARGET_NAME = CatNap;
			};
			name = Release;
		};
/* End XCBuildConfiguration section */

/* Begin XCConfigurationList section */
		4D8B37F72BA0A4E10040FBB3 /* Build configuration list for PBXProject "CatNap" */ = {
			isa = XCConfigurationList;
			buildConfigurations = (
				4D8B38272BA0A4E10040FBB3 /* Debug */,
				4D8B38282BA0A4E10040FBB3 /* Release */,
			);
			defaultConfigurationIsVisible = 0;
			defaultConfigurationName = Release;
		};
		4D8B38292BA0A4E10040FBB3 /* Build configuration list for PBXNativeTarget "CatNap" */ = {
			isa = XCConfigurationList;
			buildConfigurations = (
				4D8B382A2BA0A4E10040FBB3 /* Debug */,
				4D8B382B2BA0A4E10040FBB3 /* Release */,
			);
			defaultConfigurationIsVisible = 0;
			defaultConfigurationName = Release;
		};
		4D8B382C2BA0A4E10040FBB3 /* Build configuration list for PBXNativeTarget "CatNapTests" */ = {
			isa = XCConfigurationList;
			buildConfigurations = (
				4D8B382D2BA0A4E10040FBB3 /* Debug */,
				4D8B382E2BA0A4E10040FBB3 /* Release */,
			);
			defaultConfigurationIsVisible = 0;
			defaultConfigurationName = Release;
		};
		4D8B382F2BA0A4E10040FBB3 /* Build configuration list for PBXNativeTarget "CatNapUITests" */ = {
			isa = XCConfigurationList;
			buildConfigurations = (
				4D8B38302BA0A4E10040FBB3 /* Debug */,
				4D8B38312BA0A4E10040FBB3 /* Release */,
			);
			defaultConfigurationIsVisible = 0;
			defaultConfigurationName = Release;
		};
/* End XCConfigurationList section */
	};
	rootObject = 4D8B37F42BA0A4E10040FBB3 /* Project object */;
}
